
Microsoft Visual Studio Solution File, Format Version 12.00
# Visual Studio Version 16
VisualStudioVersion = 16.0.30011.22
MinimumVisualStudioVersion = 10.0.40219.1
Project("{FAE04EC0-301F-11D3-BF4B-00C04F79EFBC}") = "BalticSportAPI", "BalticSportUI\BalticSportAPI.csproj", "{EF38D177-3382-4A99-8437-16CF98A3EC20}"
EndProject
Global
	GlobalSection(SolutionConfigurationPlatforms) = preSolution
		Debug|Any CPU = Debug|Any CPU
		Release|Any CPU = Release|Any CPU
	EndGlobalSection
	GlobalSection(ProjectConfigurationPlatforms) = postSolution
		{EF38D177-3382-4A99-8437-16CF98A3EC20}.Debug|Any CPU.ActiveCfg = Debug|Any CPU
		{EF38D177-3382-4A99-8437-16CF98A3EC20}.Debug|Any CPU.Build.0 = Debug|Any CPU
		{EF38D177-3382-4A99-8437-16CF98A3EC20}.Release|Any CPU.ActiveCfg = Release|Any CPU
		{EF38D177-3382-4A99-8437-16CF98A3EC20}.Release|Any CPU.Build.0 = Release|Any CPU
	EndGlobalSection
	GlobalSection(SolutionProperties) = preSolution
		HideSolutionNode = FALSE
	EndGlobalSection
	GlobalSection(ExtensibilityGlobals) = postSolution
		SolutionGuid = {50505BD9-4312-4896-A4A4-6AF54CE2C65E}
	EndGlobalSection
EndGlobal
